
Microsoft Visual Studio Solution File, Format Version 12.00
# Visual Studio Version 17
VisualStudioVersion = 17.12.35707.178 d17.12
MinimumVisualStudioVersion = 10.0.40219.1
Project("{FAE04EC0-301F-11D3-BF4B-00C04F79EFBC}") = "SearchService", "SearchService.csproj", "{C9110AA1-CD05-4E4C-B7D6-0DF18FD9947A}"
EndProject
Project("{FAE04EC0-301F-11D3-BF4B-00C04F79EFBC}") = "BaseLibrary", "..\BaseLibrary\BaseLibrary.csproj", "{962FF370-2A3A-45FE-976D-9C9E73728F3D}"
EndProject
Global
	GlobalSection(SolutionConfigurationPlatforms) = preSolution
		Debug|Any CPU = Debug|Any CPU
		Release|Any CPU = Release|Any CPU
	EndGlobalSection
	GlobalSection(ProjectConfigurationPlatforms) = postSolution
		{C9110AA1-CD05-4E4C-B7D6-0DF18FD9947A}.Debug|Any CPU.ActiveCfg = Debug|Any CPU
		{C9110AA1-CD05-4E4C-B7D6-0DF18FD9947A}.Debug|Any CPU.Build.0 = Debug|Any CPU
		{C9110AA1-CD05-4E4C-B7D6-0DF18FD9947A}.Release|Any CPU.ActiveCfg = Release|Any CPU
		{C9110AA1-CD05-4E4C-B7D6-0DF18FD9947A}.Release|Any CPU.Build.0 = Release|Any CPU
		{962FF370-2A3A-45FE-976D-9C9E73728F3D}.Debug|Any CPU.ActiveCfg = Debug|Any CPU
		{962FF370-2A3A-45FE-976D-9C9E73728F3D}.Debug|Any CPU.Build.0 = Debug|Any CPU
		{962FF370-2A3A-45FE-976D-9C9E73728F3D}.Release|Any CPU.ActiveCfg = Release|Any CPU
		{962FF370-2A3A-45FE-976D-9C9E73728F3D}.Release|Any CPU.Build.0 = Release|Any CPU
	EndGlobalSection
	GlobalSection(SolutionProperties) = preSolution
		HideSolutionNode = FALSE
	EndGlobalSection
EndGlobal
